Microsoft Visual Studio Solution File, Format Version 10.00
# Visual Studio 2008
Project("{2150E333-8FDC-42A3-9474-1A3956D46DE8}") = "Solution Items", "Solution Items", "{549965F2-2FE3-414D-8CE1-116685A8FB9A}"
	ProjectSection(SolutionItems) = preProject
		Solution Items\CommonAssemblyInfo.cs = Solution Items\CommonAssemblyInfo.cs
		Solution Items\License.txt = Solution Items\License.txt
		Solution Items\Release Note.txt = Solution Items\Release Note.txt
	EndProjectSection
EndProject
Project("{FAE04EC0-301F-11D3-BF4B-00C04F79EFBC}") = "FarsiLibrary.Win", "FarsiLibrary.Win\FarsiLibrary.Win.csproj", "{83C3AEB8-5322-4DB6-9E7E-4BF8A319DCE7}"
EndProject
Project("{FAE04EC0-301F-11D3-BF4B-00C04F79EFBC}") = "FarsiLibrary.Utils", "FarsiLibrary.Utils\FarsiLibrary.Utils.csproj", "{ED29E567-C801-49E9-8C33-CFB66042B07B}"
EndProject
Project("{FAE04EC0-301F-11D3-BF4B-00C04F79EFBC}") = "FarsiLibrary.Resources", "FarsiLibrary.Resources\FarsiLibrary.Resources.csproj", "{E5575624-4B92-4E51-B98B-20F31FE5B5B4}"
EndProject
Project("{FAE04EC0-301F-11D3-BF4B-00C04F79EFBC}") = "FarsiLibrary.UnitTest", "FarsiLibrary.UnitTest\FarsiLibrary.UnitTest.csproj", "{7761D638-D2C2-49FC-9A0C-D561A03B17AF}"
EndProject
Project("{FAE04EC0-301F-11D3-BF4B-00C04F79EFBC}") = "FarsiLibrary.WPF", "FarsiLibrary.WPF\FarsiLibrary.WPF.csproj", "{01D673DE-5CD4-491D-B4AF-563360C1BC9E}"
EndProject
Project("{FAE04EC0-301F-11D3-BF4B-00C04F79EFBC}") = "FarsiLibrary.WinFormDemo", "FarsiLibrary.WinFormDemo\FarsiLibrary.WinFormDemo.csproj", "{A5EE7D36-30E7-49AB-90EC-97836840C144}"
EndProject
Project("{FAE04EC0-301F-11D3-BF4B-00C04F79EFBC}") = "FarsiLibrary.WPFDemo", "FarsiLibrary.WPFDemo\FarsiLibrary.WPFDemo.csproj", "{92DB562E-4261-466D-ACE4-66A51505B7C2}"
EndProject
Project("{FAE04EC0-301F-11D3-BF4B-00C04F79EFBC}") = "FarsiLibrary.WPF.VisualStudio.Design", "FarsiLibrary.WPF.VisualStudio.Design\FarsiLibrary.WPF.VisualStudio.Design.csproj", "{E7F44116-95CA-4E29-9215-FB4366589780}"
EndProject
Project("{FAE04EC0-301F-11D3-BF4B-00C04F79EFBC}") = "FarsiLibrary.Web", "FarsiLibrary.Web\FarsiLibrary.Web.csproj", "{2D79754C-5006-4D92-9119-C18448C07F0A}"
EndProject
Project("{FAE04EC0-301F-11D3-BF4B-00C04F79EFBC}") = "FarsiLibrary.WebDemo", "FarsiLibrary.WebDemo\FarsiLibrary.WebDemo.csproj", "{112376D9-8F26-4AFB-B9AE-10812D0F4035}"
EndProject
Project("{FAE04EC0-301F-11D3-BF4B-00C04F79EFBC}") = "FarsiLibrary.Win.External", "FarsiLibrary.Win.External\FarsiLibrary.Win.External.csproj", "{240A0D2C-5E44-4C05-8995-EE63E4AE9D0E}"
EndProject
Project("{FAE04EC0-301F-11D3-BF4B-00C04F79EFBC}") = "FarsiLibrary.Web.Mvc", "FarsiLibrary.Web.Mvc\FarsiLibrary.Web.Mvc.csproj", "{C5EDB5C3-126A-4085-93EF-AFFC73D0AABA}"
EndProject
Project("{2150E333-8FDC-42A3-9474-1A3956D46DE8}") = "Demo", "Demo", "{604CE13D-1B5A-41CA-B60D-E7DD5C1C91A2}"
EndProject
Project("{2150E333-8FDC-42A3-9474-1A3956D46DE8}") = "Core", "Core", "{6E1B09D2-C8FB-4AF6-B9B6-55BADED52D06}"
EndProject
Project("{2150E333-8FDC-42A3-9474-1A3956D46DE8}") = "Tests", "Tests", "{7E7AC667-9A20-4A48-A3B0-2109781977B4}"
EndProject
Project("{2150E333-8FDC-42A3-9474-1A3956D46DE8}") = "Extensions", "Extensions", "{A7A272B2-65F6-4606-ADD8-9DADF36C9108}"
EndProject
Project("{FAE04EC0-301F-11D3-BF4B-00C04F79EFBC}") = "FarsiLibrary.WebMvcDemo", "FarsiLibrary.WebMvcDemo\FarsiLibrary.WebMvcDemo.csproj", "{52C80A3E-91F4-4011-A11B-DC2355DE60EE}"
EndProject
Project("{FAE04EC0-301F-11D3-BF4B-00C04F79EFBC}") = "FarsiLibrary.LiveDemo", "FarsiLibrary.LiveDemo\FarsiLibrary.LiveDemo.csproj", "{BC880FDF-0130-4904-A7F5-CFC7D345BA44}"
EndProject
Global
	GlobalSection(SolutionConfigurationPlatforms) = preSolution
		Debug|.NET = Debug|.NET
		Debug|Any CPU = Debug|Any CPU
		Debug|Mixed Platforms = Debug|Mixed Platforms
		Release|.NET = Release|.NET
		Release|Any CPU = Release|Any CPU
		Release|Mixed Platforms = Release|Mixed Platforms
	EndGlobalSection
	GlobalSection(ProjectConfigurationPlatforms) = postSolution
		{83C3AEB8-5322-4DB6-9E7E-4BF8A319DCE7}.Debug|.NET.ActiveCfg = Debug|Any CPU
		{83C3AEB8-5322-4DB6-9E7E-4BF8A319DCE7}.Debug|Any CPU.ActiveCfg = Debug|Any CPU
		{83C3AEB8-5322-4DB6-9E7E-4BF8A319DCE7}.Debug|Any CPU.Build.0 = Debug|Any CPU
		{83C3AEB8-5322-4DB6-9E7E-4BF8A319DCE7}.Debug|Mixed Platforms.ActiveCfg = Debug|Any CPU
		{83C3AEB8-5322-4DB6-9E7E-4BF8A319DCE7}.Debug|Mixed Platforms.Build.0 = Debug|Any CPU
		{83C3AEB8-5322-4DB6-9E7E-4BF8A319DCE7}.Release|.NET.ActiveCfg = Release|Any CPU
		{83C3AEB8-5322-4DB6-9E7E-4BF8A319DCE7}.Release|Any CPU.ActiveCfg = Release|Any CPU
		{83C3AEB8-5322-4DB6-9E7E-4BF8A319DCE7}.Release|Any CPU.Build.0 = Release|Any CPU
		{83C3AEB8-5322-4DB6-9E7E-4BF8A319DCE7}.Release|Mixed Platforms.ActiveCfg = Release|Any CPU
		{83C3AEB8-5322-4DB6-9E7E-4BF8A319DCE7}.Release|Mixed Platforms.Build.0 = Release|Any CPU
		{ED29E567-C801-49E9-8C33-CFB66042B07B}.Debug|.NET.ActiveCfg = Debug|Any CPU
		{ED29E567-C801-49E9-8C33-CFB66042B07B}.Debug|Any CPU.ActiveCfg = Debug|Any CPU
		{ED29E567-C801-49E9-8C33-CFB66042B07B}.Debug|Any CPU.Build.0 = Debug|Any CPU
		{ED29E567-C801-49E9-8C33-CFB66042B07B}.Debug|Mixed Platforms.ActiveCfg = Debug|Any CPU
		{ED29E567-C801-49E9-8C33-CFB66042B07B}.Debug|Mixed Platforms.Build.0 = Debug|Any CPU
		{ED29E567-C801-49E9-8C33-CFB66042B07B}.Release|.NET.ActiveCfg = Release|Any CPU
		{ED29E567-C801-49E9-8C33-CFB66042B07B}.Release|Any CPU.ActiveCfg = Release|Any CPU
		{ED29E567-C801-49E9-8C33-CFB66042B07B}.Release|Any CPU.Build.0 = Release|Any CPU
		{ED29E567-C801-49E9-8C33-CFB66042B07B}.Release|Mixed Platforms.ActiveCfg = Release|Any CPU
		{ED29E567-C801-49E9-8C33-CFB66042B07B}.Release|Mixed Platforms.Build.0 = Release|Any CPU
		{E5575624-4B92-4E51-B98B-20F31FE5B5B4}.Debug|.NET.ActiveCfg = Debug|Any CPU
		{E5575624-4B92-4E51-B98B-20F31FE5B5B4}.Debug|Any CPU.ActiveCfg = Debug|Any CPU
		{E5575624-4B92-4E51-B98B-20F31FE5B5B4}.Debug|Any CPU.Build.0 = Debug|Any CPU
		{E5575624-4B92-4E51-B98B-20F31FE5B5B4}.Debug|Mixed Platforms.ActiveCfg = Debug|Any CPU
		{E5575624-4B92-4E51-B98B-20F31FE5B5B4}.Debug|Mixed Platforms.Build.0 = Debug|Any CPU
		{E5575624-4B92-4E51-B98B-20F31FE5B5B4}.Release|.NET.ActiveCfg = Release|Any CPU
		{E5575624-4B92-4E51-B98B-20F31FE5B5B4}.Release|Any CPU.ActiveCfg = Release|Any CPU
		{E5575624-4B92-4E51-B98B-20F31FE5B5B4}.Release|Any CPU.Build.0 = Release|Any CPU
		{E5575624-4B92-4E51-B98B-20F31FE5B5B4}.Release|Mixed Platforms.ActiveCfg = Release|Any CPU
		{E5575624-4B92-4E51-B98B-20F31FE5B5B4}.Release|Mixed Platforms.Build.0 = Release|Any CPU
		{7761D638-D2C2-49FC-9A0C-D561A03B17AF}.Debug|.NET.ActiveCfg = Debug|Any CPU
		{7761D638-D2C2-49FC-9A0C-D561A03B17AF}.Debug|Any CPU.ActiveCfg = Debug|Any CPU
		{7761D638-D2C2-49FC-9A0C-D561A03B17AF}.Debug|Any CPU.Build.0 = Debug|Any CPU
		{7761D638-D2C2-49FC-9A0C-D561A03B17AF}.Debug|Mixed Platforms.ActiveCfg = Debug|Any CPU
		{7761D638-D2C2-49FC-9A0C-D561A03B17AF}.Debug|Mixed Platforms.Build.0 = Debug|Any CPU
		{7761D638-D2C2-49FC-9A0C-D561A03B17AF}.Release|.NET.ActiveCfg = Release|Any CPU
		{7761D638-D2C2-49FC-9A0C-D561A03B17AF}.Release|Any CPU.ActiveCfg = Release|Any CPU
		{7761D638-D2C2-49FC-9A0C-D561A03B17AF}.Release|Any CPU.Build.0 = Release|Any CPU
		{7761D638-D2C2-49FC-9A0C-D561A03B17AF}.Release|Mixed Platforms.ActiveCfg = Release|Any CPU
		{7761D638-D2C2-49FC-9A0C-D561A03B17AF}.Release|Mixed Platforms.Build.0 = Release|Any CPU
		{01D673DE-5CD4-491D-B4AF-563360C1BC9E}.Debug|.NET.ActiveCfg = Debug|Any CPU
		{01D673DE-5CD4-491D-B4AF-563360C1BC9E}.Debug|Any CPU.ActiveCfg = Debug|Any CPU
		{01D673DE-5CD4-491D-B4AF-563360C1BC9E}.Debug|Any CPU.Build.0 = Debug|Any CPU
		{01D673DE-5CD4-491D-B4AF-563360C1BC9E}.Debug|Mixed Platforms.ActiveCfg = Debug|Any CPU
		{01D673DE-5CD4-491D-B4AF-563360C1BC9E}.Debug|Mixed Platforms.Build.0 = Debug|Any CPU
		{01D673DE-5CD4-491D-B4AF-563360C1BC9E}.Release|.NET.ActiveCfg = Debug|Any CPU
		{01D673DE-5CD4-491D-B4AF-563360C1BC9E}.Release|Any CPU.ActiveCfg = Debug|Any CPU
		{01D673DE-5CD4-491D-B4AF-563360C1BC9E}.Release|Any CPU.Build.0 = Debug|Any CPU
		{01D673DE-5CD4-491D-B4AF-563360C1BC9E}.Release|Mixed Platforms.ActiveCfg = Debug|Any CPU
		{01D673DE-5CD4-491D-B4AF-563360C1BC9E}.Release|Mixed Platforms.Build.0 = Debug|Any CPU
		{A5EE7D36-30E7-49AB-90EC-97836840C144}.Debug|.NET.ActiveCfg = Debug|Any CPU
		{A5EE7D36-30E7-49AB-90EC-97836840C144}.Debug|Any CPU.ActiveCfg = Debug|Any CPU
		{A5EE7D36-30E7-49AB-90EC-97836840C144}.Debug|Any CPU.Build.0 = Debug|Any CPU
		{A5EE7D36-30E7-49AB-90EC-97836840C144}.Debug|Mixed Platforms.ActiveCfg = Debug|Any CPU
		{A5EE7D36-30E7-49AB-90EC-97836840C144}.Debug|Mixed Platforms.Build.0 = Debug|Any CPU
		{A5EE7D36-30E7-49AB-90EC-97836840C144}.Release|.NET.ActiveCfg = Release|Any CPU
		{A5EE7D36-30E7-49AB-90EC-97836840C144}.Release|Any CPU.ActiveCfg = Release|Any CPU
		{A5EE7D36-30E7-49AB-90EC-97836840C144}.Release|Any CPU.Build.0 = Release|Any CPU
		{A5EE7D36-30E7-49AB-90EC-97836840C144}.Release|Mixed Platforms.ActiveCfg = Release|Any CPU
		{A5EE7D36-30E7-49AB-90EC-97836840C144}.Release|Mixed Platforms.Build.0 = Release|Any CPU
		{92DB562E-4261-466D-ACE4-66A51505B7C2}.Debug|.NET.ActiveCfg = Debug|Any CPU
		{92DB562E-4261-466D-ACE4-66A51505B7C2}.Debug|Any CPU.ActiveCfg = Debug|Any CPU
		{92DB562E-4261-466D-ACE4-66A51505B7C2}.Debug|Any CPU.Build.0 = Debug|Any CPU
		{92DB562E-4261-466D-ACE4-66A51505B7C2}.Debug|Mixed Platforms.ActiveCfg = Debug|Any CPU
		{92DB562E-4261-466D-ACE4-66A51505B7C2}.Debug|Mixed Platforms.Build.0 = Debug|Any CPU
		{92DB562E-4261-466D-ACE4-66A51505B7C2}.Release|.NET.ActiveCfg = Release|Any CPU
		{92DB562E-4261-466D-ACE4-66A51505B7C2}.Release|Any CPU.ActiveCfg = Release|Any CPU
		{92DB562E-4261-466D-ACE4-66A51505B7C2}.Release|Any CPU.Build.0 = Release|Any CPU
		{92DB562E-4261-466D-ACE4-66A51505B7C2}.Release|Mixed Platforms.ActiveCfg = Release|Any CPU
		{92DB562E-4261-466D-ACE4-66A51505B7C2}.Release|Mixed Platforms.Build.0 = Release|Any CPU
		{E7F44116-95CA-4E29-9215-FB4366589780}.Debug|.NET.ActiveCfg = Debug|Any CPU
		{E7F44116-95CA-4E29-9215-FB4366589780}.Debug|Any CPU.ActiveCfg = Debug|Any CPU
		{E7F44116-95CA-4E29-9215-FB4366589780}.Debug|Any CPU.Build.0 = Debug|Any CPU
		{E7F44116-95CA-4E29-9215-FB4366589780}.Debug|Mixed Platforms.ActiveCfg = Debug|Any CPU
		{E7F44116-95CA-4E29-9215-FB4366589780}.Debug|Mixed Platforms.Build.0 = Debug|Any CPU
		{E7F44116-95CA-4E29-9215-FB4366589780}.Release|.NET.ActiveCfg = Release|Any CPU
		{E7F44116-95CA-4E29-9215-FB4366589780}.Release|Any CPU.ActiveCfg = Release|Any CPU
		{E7F44116-95CA-4E29-9215-FB4366589780}.Release|Any CPU.Build.0 = Release|Any CPU
		{E7F44116-95CA-4E29-9215-FB4366589780}.Release|Mixed Platforms.ActiveCfg = Release|Any CPU
		{E7F44116-95CA-4E29-9215-FB4366589780}.Release|Mixed Platforms.Build.0 = Release|Any CPU
		{2D79754C-5006-4D92-9119-C18448C07F0A}.Debug|.NET.ActiveCfg = Debug|Any CPU
		{2D79754C-5006-4D92-9119-C18448C07F0A}.Debug|Any CPU.ActiveCfg = Debug|Any CPU
		{2D79754C-5006-4D92-9119-C18448C07F0A}.Debug|Any CPU.Build.0 = Debug|Any CPU
		{2D79754C-5006-4D92-9119-C18448C07F0A}.Debug|Mixed Platforms.ActiveCfg = Debug|Any CPU
		{2D79754C-5006-4D92-9119-C18448C07F0A}.Debug|Mixed Platforms.Build.0 = Debug|Any CPU
		{2D79754C-5006-4D92-9119-C18448C07F0A}.Release|.NET.ActiveCfg = Release|Any CPU
		{2D79754C-5006-4D92-9119-C18448C07F0A}.Release|Any CPU.ActiveCfg = Release|Any CPU
		{2D79754C-5006-4D92-9119-C18448C07F0A}.Release|Any CPU.Build.0 = Release|Any CPU
		{2D79754C-5006-4D92-9119-C18448C07F0A}.Release|Mixed Platforms.ActiveCfg = Release|Any CPU
		{2D79754C-5006-4D92-9119-C18448C07F0A}.Release|Mixed Platforms.Build.0 = Release|Any CPU
		{112376D9-8F26-4AFB-B9AE-10812D0F4035}.Debug|.NET.ActiveCfg = Debug|Any CPU
		{112376D9-8F26-4AFB-B9AE-10812D0F4035}.Debug|Any CPU.ActiveCfg = Debug|Any CPU
		{112376D9-8F26-4AFB-B9AE-10812D0F4035}.Debug|Any CPU.Build.0 = Debug|Any CPU
		{112376D9-8F26-4AFB-B9AE-10812D0F4035}.Debug|Mixed Platforms.ActiveCfg = Debug|Any CPU
		{112376D9-8F26-4AFB-B9AE-10812D0F4035}.Debug|Mixed Platforms.Build.0 = Debug|Any CPU
		{112376D9-8F26-4AFB-B9AE-10812D0F4035}.Release|.NET.ActiveCfg = Release|Any CPU
		{112376D9-8F26-4AFB-B9AE-10812D0F4035}.Release|Any CPU.ActiveCfg = Release|Any CPU
		{112376D9-8F26-4AFB-B9AE-10812D0F4035}.Release|Any CPU.Build.0 = Release|Any CPU
		{112376D9-8F26-4AFB-B9AE-10812D0F4035}.Release|Mixed Platforms.ActiveCfg = Release|Any CPU
		{112376D9-8F26-4AFB-B9AE-10812D0F4035}.Release|Mixed Platforms.Build.0 = Release|Any CPU
		{240A0D2C-5E44-4C05-8995-EE63E4AE9D0E}.Debug|.NET.ActiveCfg = Debug|Any CPU
		{240A0D2C-5E44-4C05-8995-EE63E4AE9D0E}.Debug|Any CPU.ActiveCfg = Debug|Any CPU
		{240A0D2C-5E44-4C05-8995-EE63E4AE9D0E}.Debug|Any CPU.Build.0 = Debug|Any CPU
		{240A0D2C-5E44-4C05-8995-EE63E4AE9D0E}.Debug|Mixed Platforms.ActiveCfg = Debug|Any CPU
		{240A0D2C-5E44-4C05-8995-EE63E4AE9D0E}.Debug|Mixed Platforms.Build.0 = Debug|Any CPU
		{240A0D2C-5E44-4C05-8995-EE63E4AE9D0E}.Release|.NET.ActiveCfg = Release|Any CPU
		{240A0D2C-5E44-4C05-8995-EE63E4AE9D0E}.Release|Any CPU.ActiveCfg = Release|Any CPU
		{240A0D2C-5E44-4C05-8995-EE63E4AE9D0E}.Release|Any CPU.Build.0 = Release|Any CPU
		{240A0D2C-5E44-4C05-8995-EE63E4AE9D0E}.Release|Mixed Platforms.ActiveCfg = Release|Any CPU
		{240A0D2C-5E44-4C05-8995-EE63E4AE9D0E}.Release|Mixed Platforms.Build.0 = Release|Any CPU
		{C5EDB5C3-126A-4085-93EF-AFFC73D0AABA}.Debug|.NET.ActiveCfg = Debug|Any CPU
		{C5EDB5C3-126A-4085-93EF-AFFC73D0AABA}.Debug|Any CPU.ActiveCfg = Debug|Any CPU
		{C5EDB5C3-126A-4085-93EF-AFFC73D0AABA}.Debug|Any CPU.Build.0 = Debug|Any CPU
		{C5EDB5C3-126A-4085-93EF-AFFC73D0AABA}.Debug|Mixed Platforms.ActiveCfg = Debug|Any CPU
		{C5EDB5C3-126A-4085-93EF-AFFC73D0AABA}.Debug|Mixed Platforms.Build.0 = Debug|Any CPU
		{C5EDB5C3-126A-4085-93EF-AFFC73D0AABA}.Release|.NET.ActiveCfg = Release|Any CPU
		{C5EDB5C3-126A-4085-93EF-AFFC73D0AABA}.Release|Any CPU.ActiveCfg = Release|Any CPU
		{C5EDB5C3-126A-4085-93EF-AFFC73D0AABA}.Release|Any CPU.Build.0 = Release|Any CPU
		{C5EDB5C3-126A-4085-93EF-AFFC73D0AABA}.Release|Mixed Platforms.ActiveCfg = Release|Any CPU
		{C5EDB5C3-126A-4085-93EF-AFFC73D0AABA}.Release|Mixed Platforms.Build.0 = Release|Any CPU
		{52C80A3E-91F4-4011-A11B-DC2355DE60EE}.Debug|.NET.ActiveCfg = Debug|Any CPU
		{52C80A3E-91F4-4011-A11B-DC2355DE60EE}.Debug|Any CPU.ActiveCfg = Debug|Any CPU
		{52C80A3E-91F4-4011-A11B-DC2355DE60EE}.Debug|Any CPU.Build.0 = Debug|Any CPU
		{52C80A3E-91F4-4011-A11B-DC2355DE60EE}.Debug|Mixed Platforms.ActiveCfg = Debug|Any CPU
		{52C80A3E-91F4-4011-A11B-DC2355DE60EE}.Debug|Mixed Platforms.Build.0 = Debug|Any CPU
		{52C80A3E-91F4-4011-A11B-DC2355DE60EE}.Release|.NET.ActiveCfg = Release|Any CPU
		{52C80A3E-91F4-4011-A11B-DC2355DE60EE}.Release|Any CPU.ActiveCfg = Release|Any CPU
		{52C80A3E-91F4-4011-A11B-DC2355DE60EE}.Release|Any CPU.Build.0 = Release|Any CPU
		{52C80A3E-91F4-4011-A11B-DC2355DE60EE}.Release|Mixed Platforms.ActiveCfg = Release|Any CPU
		{52C80A3E-91F4-4011-A11B-DC2355DE60EE}.Release|Mixed Platforms.Build.0 = Release|Any CPU
		{BC880FDF-0130-4904-A7F5-CFC7D345BA44}.Debug|.NET.ActiveCfg = Debug|Any CPU
		{BC880FDF-0130-4904-A7F5-CFC7D345BA44}.Debug|Any CPU.ActiveCfg = Debug|Any CPU
		{BC880FDF-0130-4904-A7F5-CFC7D345BA44}.Debug|Any CPU.Build.0 = Debug|Any CPU
		{BC880FDF-0130-4904-A7F5-CFC7D345BA44}.Debug|Mixed Platforms.ActiveCfg = Debug|Any CPU
		{BC880FDF-0130-4904-A7F5-CFC7D345BA44}.Debug|Mixed Platforms.Build.0 = Debug|Any CPU
		{BC880FDF-0130-4904-A7F5-CFC7D345BA44}.Release|.NET.ActiveCfg = Release|Any CPU
		{BC880FDF-0130-4904-A7F5-CFC7D345BA44}.Release|Any CPU.ActiveCfg = Release|Any CPU
		{BC880FDF-0130-4904-A7F5-CFC7D345BA44}.Release|Any CPU.Build.0 = Release|Any CPU
		{BC880FDF-0130-4904-A7F5-CFC7D345BA44}.Release|Mixed Platforms.ActiveCfg = Release|Any CPU
		{BC880FDF-0130-4904-A7F5-CFC7D345BA44}.Release|Mixed Platforms.Build.0 = Release|Any CPU
	EndGlobalSection
	GlobalSection(SolutionProperties) = preSolution
		HideSolutionNode = FALSE
	EndGlobalSection
	GlobalSection(NestedProjects) = preSolution
		{ED29E567-C801-49E9-8C33-CFB66042B07B} = {6E1B09D2-C8FB-4AF6-B9B6-55BADED52D06}
		{E5575624-4B92-4E51-B98B-20F31FE5B5B4} = {6E1B09D2-C8FB-4AF6-B9B6-55BADED52D06}
		{01D673DE-5CD4-491D-B4AF-563360C1BC9E} = {6E1B09D2-C8FB-4AF6-B9B6-55BADED52D06}
		{E7F44116-95CA-4E29-9215-FB4366589780} = {6E1B09D2-C8FB-4AF6-B9B6-55BADED52D06}
		{2D79754C-5006-4D92-9119-C18448C07F0A} = {6E1B09D2-C8FB-4AF6-B9B6-55BADED52D06}
		{C5EDB5C3-126A-4085-93EF-AFFC73D0AABA} = {6E1B09D2-C8FB-4AF6-B9B6-55BADED52D06}
		{83C3AEB8-5322-4DB6-9E7E-4BF8A319DCE7} = {6E1B09D2-C8FB-4AF6-B9B6-55BADED52D06}
		{7761D638-D2C2-49FC-9A0C-D561A03B17AF} = {7E7AC667-9A20-4A48-A3B0-2109781977B4}
		{92DB562E-4261-466D-ACE4-66A51505B7C2} = {604CE13D-1B5A-41CA-B60D-E7DD5C1C91A2}
		{112376D9-8F26-4AFB-B9AE-10812D0F4035} = {604CE13D-1B5A-41CA-B60D-E7DD5C1C91A2}
		{A5EE7D36-30E7-49AB-90EC-97836840C144} = {604CE13D-1B5A-41CA-B60D-E7DD5C1C91A2}
		{52C80A3E-91F4-4011-A11B-DC2355DE60EE} = {604CE13D-1B5A-41CA-B60D-E7DD5C1C91A2}
		{BC880FDF-0130-4904-A7F5-CFC7D345BA44} = {604CE13D-1B5A-41CA-B60D-E7DD5C1C91A2}
		{240A0D2C-5E44-4C05-8995-EE63E4AE9D0E} = {A7A272B2-65F6-4606-ADD8-9DADF36C9108}
	EndGlobalSection
EndGlobal
