Microsoft Visual Studio Solution File, Format Version 11.00
# Visual Studio 2010
Project("{2150E333-8FDC-42A3-9474-1A3956D46DE8}") = "Solution Items", "Solution Items", "{549965F2-2FE3-414D-8CE1-116685A8FB9A}"
	ProjectSection(SolutionItems) = preProject
		Solution Items\CommonAssemblyInfo.cs = Solution Items\CommonAssemblyInfo.cs
		Solution Items\License.txt = Solution Items\License.txt
		Solution Items\Logo.png = Solution Items\Logo.png
		Solution Items\Release Note.txt = Solution Items\Release Note.txt
	EndProjectSection
EndProject
Project("{2150E333-8FDC-42A3-9474-1A3956D46DE8}") = "Demo", "Demo", "{604CE13D-1B5A-41CA-B60D-E7DD5C1C91A2}"
EndProject
Project("{2150E333-8FDC-42A3-9474-1A3956D46DE8}") = "Core", "Core", "{6E1B09D2-C8FB-4AF6-B9B6-55BADED52D06}"
EndProject
Project("{2150E333-8FDC-42A3-9474-1A3956D46DE8}") = "Tests", "Tests", "{7E7AC667-9A20-4A48-A3B0-2109781977B4}"
EndProject
Project("{2150E333-8FDC-42A3-9474-1A3956D46DE8}") = "Extensions", "Extensions", "{A7A272B2-65F6-4606-ADD8-9DADF36C9108}"
EndProject
Project("{FAE04EC0-301F-11D3-BF4B-00C04F79EFBC}") = "FarsiLibrary.Win", "FarsiLibrary.Win\FarsiLibrary.Win.csproj", "{83C3AEB8-5322-4DB6-9E7E-4BF8A319DCE7}"
EndProject
Project("{FAE04EC0-301F-11D3-BF4B-00C04F79EFBC}") = "FarsiLibrary.Utils", "FarsiLibrary.Utils\FarsiLibrary.Utils.csproj", "{ED29E567-C801-49E9-8C33-CFB66042B07B}"
EndProject
Project("{FAE04EC0-301F-11D3-BF4B-00C04F79EFBC}") = "FarsiLibrary.Resources", "FarsiLibrary.Resources\FarsiLibrary.Resources.csproj", "{E5575624-4B92-4E51-B98B-20F31FE5B5B4}"
EndProject
Project("{FAE04EC0-301F-11D3-BF4B-00C04F79EFBC}") = "FarsiLibrary.UnitTest", "FarsiLibrary.UnitTest\FarsiLibrary.UnitTest.csproj", "{7761D638-D2C2-49FC-9A0C-D561A03B17AF}"
EndProject
Project("{FAE04EC0-301F-11D3-BF4B-00C04F79EFBC}") = "FarsiLibrary.WPF", "FarsiLibrary.WPF\FarsiLibrary.WPF.csproj", "{01D673DE-5CD4-491D-B4AF-563360C1BC9E}"
EndProject
Project("{FAE04EC0-301F-11D3-BF4B-00C04F79EFBC}") = "FarsiLibrary.WPFDemo", "FarsiLibrary.WPFDemo\FarsiLibrary.WPFDemo.csproj", "{92DB562E-4261-466D-ACE4-66A51505B7C2}"
EndProject
Project("{FAE04EC0-301F-11D3-BF4B-00C04F79EFBC}") = "FarsiLibrary.WPF.VisualStudio.Design", "FarsiLibrary.WPF.VisualStudio.Design\FarsiLibrary.WPF.VisualStudio.Design.csproj", "{E7F44116-95CA-4E29-9215-FB4366589780}"
EndProject
Project("{FAE04EC0-301F-11D3-BF4B-00C04F79EFBC}") = "FarsiLibrary.Web", "FarsiLibrary.Web\FarsiLibrary.Web.csproj", "{2D79754C-5006-4D92-9119-C18448C07F0A}"
EndProject
Project("{FAE04EC0-301F-11D3-BF4B-00C04F79EFBC}") = "FarsiLibrary.Win.External", "FarsiLibrary.Win.External\FarsiLibrary.Win.External.csproj", "{240A0D2C-5E44-4C05-8995-EE63E4AE9D0E}"
EndProject
Project("{FAE04EC0-301F-11D3-BF4B-00C04F79EFBC}") = "FarsiLibrary.Demos.Web", "FarsiLibrary.Demos.Web\FarsiLibrary.Demos.Web.csproj", "{0755D3D6-B700-4AB7-AED1-8A675F39C5BE}"
EndProject
Project("{FAE04EC0-301F-11D3-BF4B-00C04F79EFBC}") = "FarsiLibrary.WinFormDemo", "FarsiLibrary.WinFormDemo\FarsiLibrary.WinFormDemo.csproj", "{A5EE7D36-30E7-49AB-90EC-97836840C144}"
EndProject
Project("{FAE04EC0-301F-11D3-BF4B-00C04F79EFBC}") = "FarsiLibrary.LiveSamples", "FarsiLibrary.LiveSamples\FarsiLibrary.LiveSamples.csproj", "{2059F040-AD97-47A5-B8E6-ECB3AF68307D}"
EndProject
Global
	GlobalSection(SolutionConfigurationPlatforms) = preSolution
		Debug|.NET = Debug|.NET
		Debug|Any CPU = Debug|Any CPU
		Debug|Mixed Platforms = Debug|Mixed Platforms
		Release|.NET = Release|.NET
		Release|Any CPU = Release|Any CPU
		Release|Mixed Platforms = Release|Mixed Platforms
	EndGlobalSection
	GlobalSection(ProjectConfigurationPlatforms) = postSolution
		{83C3AEB8-5322-4DB6-9E7E-4BF8A319DCE7}.Debug|.NET.ActiveCfg = Debug|Any CPU
		{83C3AEB8-5322-4DB6-9E7E-4BF8A319DCE7}.Debug|Any CPU.ActiveCfg = Debug|Any CPU
		{83C3AEB8-5322-4DB6-9E7E-4BF8A319DCE7}.Debug|Any CPU.Build.0 = Debug|Any CPU
		{83C3AEB8-5322-4DB6-9E7E-4BF8A319DCE7}.Debug|Mixed Platforms.ActiveCfg = Debug|Any CPU
		{83C3AEB8-5322-4DB6-9E7E-4BF8A319DCE7}.Debug|Mixed Platforms.Build.0 = Debug|Any CPU
		{83C3AEB8-5322-4DB6-9E7E-4BF8A319DCE7}.Release|.NET.ActiveCfg = Release|Any CPU
		{83C3AEB8-5322-4DB6-9E7E-4BF8A319DCE7}.Release|Any CPU.ActiveCfg = Release|Any CPU
		{83C3AEB8-5322-4DB6-9E7E-4BF8A319DCE7}.Release|Any CPU.Build.0 = Release|Any CPU
		{83C3AEB8-5322-4DB6-9E7E-4BF8A319DCE7}.Release|Mixed Platforms.ActiveCfg = Release|Any CPU
		{83C3AEB8-5322-4DB6-9E7E-4BF8A319DCE7}.Release|Mixed Platforms.Build.0 = Release|Any CPU
		{ED29E567-C801-49E9-8C33-CFB66042B07B}.Debug|.NET.ActiveCfg = Debug|Any CPU
		{ED29E567-C801-49E9-8C33-CFB66042B07B}.Debug|Any CPU.ActiveCfg = Debug|Any CPU
		{ED29E567-C801-49E9-8C33-CFB66042B07B}.Debug|Any CPU.Build.0 = Debug|Any CPU
		{ED29E567-C801-49E9-8C33-CFB66042B07B}.Debug|Mixed Platforms.ActiveCfg = Debug|Any CPU
		{ED29E567-C801-49E9-8C33-CFB66042B07B}.Debug|Mixed Platforms.Build.0 = Debug|Any CPU
		{ED29E567-C801-49E9-8C33-CFB66042B07B}.Release|.NET.ActiveCfg = Release|Any CPU
		{ED29E567-C801-49E9-8C33-CFB66042B07B}.Release|Any CPU.ActiveCfg = Release|Any CPU
		{ED29E567-C801-49E9-8C33-CFB66042B07B}.Release|Any CPU.Build.0 = Release|Any CPU
		{ED29E567-C801-49E9-8C33-CFB66042B07B}.Release|Mixed Platforms.ActiveCfg = Release|Any CPU
		{ED29E567-C801-49E9-8C33-CFB66042B07B}.Release|Mixed Platforms.Build.0 = Release|Any CPU
		{E5575624-4B92-4E51-B98B-20F31FE5B5B4}.Debug|.NET.ActiveCfg = Debug|Any CPU
		{E5575624-4B92-4E51-B98B-20F31FE5B5B4}.Debug|Any CPU.ActiveCfg = Debug|Any CPU
		{E5575624-4B92-4E51-B98B-20F31FE5B5B4}.Debug|Any CPU.Build.0 = Debug|Any CPU
		{E5575624-4B92-4E51-B98B-20F31FE5B5B4}.Debug|Mixed Platforms.ActiveCfg = Debug|Any CPU
		{E5575624-4B92-4E51-B98B-20F31FE5B5B4}.Debug|Mixed Platforms.Build.0 = Debug|Any CPU
		{E5575624-4B92-4E51-B98B-20F31FE5B5B4}.Release|.NET.ActiveCfg = Release|Any CPU
		{E5575624-4B92-4E51-B98B-20F31FE5B5B4}.Release|Any CPU.ActiveCfg = Release|Any CPU
		{E5575624-4B92-4E51-B98B-20F31FE5B5B4}.Release|Any CPU.Build.0 = Release|Any CPU
		{E5575624-4B92-4E51-B98B-20F31FE5B5B4}.Release|Mixed Platforms.ActiveCfg = Release|Any CPU
		{E5575624-4B92-4E51-B98B-20F31FE5B5B4}.Release|Mixed Platforms.Build.0 = Release|Any CPU
		{7761D638-D2C2-49FC-9A0C-D561A03B17AF}.Debug|.NET.ActiveCfg = Debug|Any CPU
		{7761D638-D2C2-49FC-9A0C-D561A03B17AF}.Debug|Any CPU.ActiveCfg = Debug|Any CPU
		{7761D638-D2C2-49FC-9A0C-D561A03B17AF}.Debug|Any CPU.Build.0 = Debug|Any CPU
		{7761D638-D2C2-49FC-9A0C-D561A03B17AF}.Debug|Mixed Platforms.ActiveCfg = Debug|Any CPU
		{7761D638-D2C2-49FC-9A0C-D561A03B17AF}.Debug|Mixed Platforms.Build.0 = Debug|Any CPU
		{7761D638-D2C2-49FC-9A0C-D561A03B17AF}.Release|.NET.ActiveCfg = Release|Any CPU
		{7761D638-D2C2-49FC-9A0C-D561A03B17AF}.Release|Any CPU.ActiveCfg = Release|Any CPU
		{7761D638-D2C2-49FC-9A0C-D561A03B17AF}.Release|Any CPU.Build.0 = Release|Any CPU
		{7761D638-D2C2-49FC-9A0C-D561A03B17AF}.Release|Mixed Platforms.ActiveCfg = Release|Any CPU
		{7761D638-D2C2-49FC-9A0C-D561A03B17AF}.Release|Mixed Platforms.Build.0 = Release|Any CPU
		{01D673DE-5CD4-491D-B4AF-563360C1BC9E}.Debug|.NET.ActiveCfg = Debug|Any CPU
		{01D673DE-5CD4-491D-B4AF-563360C1BC9E}.Debug|Any CPU.ActiveCfg = Debug|Any CPU
		{01D673DE-5CD4-491D-B4AF-563360C1BC9E}.Debug|Any CPU.Build.0 = Debug|Any CPU
		{01D673DE-5CD4-491D-B4AF-563360C1BC9E}.Debug|Mixed Platforms.ActiveCfg = Debug|Any CPU
		{01D673DE-5CD4-491D-B4AF-563360C1BC9E}.Debug|Mixed Platforms.Build.0 = Debug|Any CPU
		{01D673DE-5CD4-491D-B4AF-563360C1BC9E}.Release|.NET.ActiveCfg = Debug|Any CPU
		{01D673DE-5CD4-491D-B4AF-563360C1BC9E}.Release|Any CPU.ActiveCfg = Debug|Any CPU
		{01D673DE-5CD4-491D-B4AF-563360C1BC9E}.Release|Any CPU.Build.0 = Debug|Any CPU
		{01D673DE-5CD4-491D-B4AF-563360C1BC9E}.Release|Mixed Platforms.ActiveCfg = Debug|Any CPU
		{01D673DE-5CD4-491D-B4AF-563360C1BC9E}.Release|Mixed Platforms.Build.0 = Debug|Any CPU
		{92DB562E-4261-466D-ACE4-66A51505B7C2}.Debug|.NET.ActiveCfg = Debug|Any CPU
		{92DB562E-4261-466D-ACE4-66A51505B7C2}.Debug|Any CPU.ActiveCfg = Debug|Any CPU
		{92DB562E-4261-466D-ACE4-66A51505B7C2}.Debug|Any CPU.Build.0 = Debug|Any CPU
		{92DB562E-4261-466D-ACE4-66A51505B7C2}.Debug|Mixed Platforms.ActiveCfg = Debug|Any CPU
		{92DB562E-4261-466D-ACE4-66A51505B7C2}.Debug|Mixed Platforms.Build.0 = Debug|Any CPU
		{92DB562E-4261-466D-ACE4-66A51505B7C2}.Release|.NET.ActiveCfg = Release|Any CPU
		{92DB562E-4261-466D-ACE4-66A51505B7C2}.Release|Any CPU.ActiveCfg = Release|Any CPU
		{92DB562E-4261-466D-ACE4-66A51505B7C2}.Release|Any CPU.Build.0 = Release|Any CPU
		{92DB562E-4261-466D-ACE4-66A51505B7C2}.Release|Mixed Platforms.ActiveCfg = Release|Any CPU
		{92DB562E-4261-466D-ACE4-66A51505B7C2}.Release|Mixed Platforms.Build.0 = Release|Any CPU
		{E7F44116-95CA-4E29-9215-FB4366589780}.Debug|.NET.ActiveCfg = Debug|Any CPU
		{E7F44116-95CA-4E29-9215-FB4366589780}.Debug|Any CPU.ActiveCfg = Debug|Any CPU
		{E7F44116-95CA-4E29-9215-FB4366589780}.Debug|Any CPU.Build.0 = Debug|Any CPU
		{E7F44116-95CA-4E29-9215-FB4366589780}.Debug|Mixed Platforms.ActiveCfg = Debug|Any CPU
		{E7F44116-95CA-4E29-9215-FB4366589780}.Debug|Mixed Platforms.Build.0 = Debug|Any CPU
		{E7F44116-95CA-4E29-9215-FB4366589780}.Release|.NET.ActiveCfg = Release|Any CPU
		{E7F44116-95CA-4E29-9215-FB4366589780}.Release|Any CPU.ActiveCfg = Release|Any CPU
		{E7F44116-95CA-4E29-9215-FB4366589780}.Release|Any CPU.Build.0 = Release|Any CPU
		{E7F44116-95CA-4E29-9215-FB4366589780}.Release|Mixed Platforms.ActiveCfg = Release|Any CPU
		{E7F44116-95CA-4E29-9215-FB4366589780}.Release|Mixed Platforms.Build.0 = Release|Any CPU
		{2D79754C-5006-4D92-9119-C18448C07F0A}.Debug|.NET.ActiveCfg = Debug|Any CPU
		{2D79754C-5006-4D92-9119-C18448C07F0A}.Debug|Any CPU.ActiveCfg = Debug|Any CPU
		{2D79754C-5006-4D92-9119-C18448C07F0A}.Debug|Any CPU.Build.0 = Debug|Any CPU
		{2D79754C-5006-4D92-9119-C18448C07F0A}.Debug|Mixed Platforms.ActiveCfg = Debug|Any CPU
		{2D79754C-5006-4D92-9119-C18448C07F0A}.Debug|Mixed Platforms.Build.0 = Debug|Any CPU
		{2D79754C-5006-4D92-9119-C18448C07F0A}.Release|.NET.ActiveCfg = Release|Any CPU
		{2D79754C-5006-4D92-9119-C18448C07F0A}.Release|Any CPU.ActiveCfg = Release|Any CPU
		{2D79754C-5006-4D92-9119-C18448C07F0A}.Release|Any CPU.Build.0 = Release|Any CPU
		{2D79754C-5006-4D92-9119-C18448C07F0A}.Release|Mixed Platforms.ActiveCfg = Release|Any CPU
		{2D79754C-5006-4D92-9119-C18448C07F0A}.Release|Mixed Platforms.Build.0 = Release|Any CPU
		{240A0D2C-5E44-4C05-8995-EE63E4AE9D0E}.Debug|.NET.ActiveCfg = Debug|Any CPU
		{240A0D2C-5E44-4C05-8995-EE63E4AE9D0E}.Debug|Any CPU.ActiveCfg = Debug|Any CPU
		{240A0D2C-5E44-4C05-8995-EE63E4AE9D0E}.Debug|Any CPU.Build.0 = Debug|Any CPU
		{240A0D2C-5E44-4C05-8995-EE63E4AE9D0E}.Debug|Mixed Platforms.ActiveCfg = Debug|Any CPU
		{240A0D2C-5E44-4C05-8995-EE63E4AE9D0E}.Debug|Mixed Platforms.Build.0 = Debug|Any CPU
		{240A0D2C-5E44-4C05-8995-EE63E4AE9D0E}.Release|.NET.ActiveCfg = Release|Any CPU
		{240A0D2C-5E44-4C05-8995-EE63E4AE9D0E}.Release|Any CPU.ActiveCfg = Release|Any CPU
		{240A0D2C-5E44-4C05-8995-EE63E4AE9D0E}.Release|Any CPU.Build.0 = Release|Any CPU
		{240A0D2C-5E44-4C05-8995-EE63E4AE9D0E}.Release|Mixed Platforms.ActiveCfg = Release|Any CPU
		{240A0D2C-5E44-4C05-8995-EE63E4AE9D0E}.Release|Mixed Platforms.Build.0 = Release|Any CPU
		{0755D3D6-B700-4AB7-AED1-8A675F39C5BE}.Debug|.NET.ActiveCfg = Debug|Any CPU
		{0755D3D6-B700-4AB7-AED1-8A675F39C5BE}.Debug|Any CPU.ActiveCfg = Debug|Any CPU
		{0755D3D6-B700-4AB7-AED1-8A675F39C5BE}.Debug|Any CPU.Build.0 = Debug|Any CPU
		{0755D3D6-B700-4AB7-AED1-8A675F39C5BE}.Debug|Mixed Platforms.ActiveCfg = Debug|Any CPU
		{0755D3D6-B700-4AB7-AED1-8A675F39C5BE}.Debug|Mixed Platforms.Build.0 = Debug|Any CPU
		{0755D3D6-B700-4AB7-AED1-8A675F39C5BE}.Release|.NET.ActiveCfg = Release|Any CPU
		{0755D3D6-B700-4AB7-AED1-8A675F39C5BE}.Release|Any CPU.ActiveCfg = Release|Any CPU
		{0755D3D6-B700-4AB7-AED1-8A675F39C5BE}.Release|Any CPU.Build.0 = Release|Any CPU
		{0755D3D6-B700-4AB7-AED1-8A675F39C5BE}.Release|Mixed Platforms.ActiveCfg = Release|Any CPU
		{0755D3D6-B700-4AB7-AED1-8A675F39C5BE}.Release|Mixed Platforms.Build.0 = Release|Any CPU
		{A5EE7D36-30E7-49AB-90EC-97836840C144}.Debug|.NET.ActiveCfg = Debug|Any CPU
		{A5EE7D36-30E7-49AB-90EC-97836840C144}.Debug|Any CPU.ActiveCfg = Debug|Any CPU
		{A5EE7D36-30E7-49AB-90EC-97836840C144}.Debug|Any CPU.Build.0 = Debug|Any CPU
		{A5EE7D36-30E7-49AB-90EC-97836840C144}.Debug|Mixed Platforms.ActiveCfg = Debug|Any CPU
		{A5EE7D36-30E7-49AB-90EC-97836840C144}.Debug|Mixed Platforms.Build.0 = Debug|Any CPU
		{A5EE7D36-30E7-49AB-90EC-97836840C144}.Release|.NET.ActiveCfg = Release|Any CPU
		{A5EE7D36-30E7-49AB-90EC-97836840C144}.Release|Any CPU.ActiveCfg = Release|Any CPU
		{A5EE7D36-30E7-49AB-90EC-97836840C144}.Release|Any CPU.Build.0 = Release|Any CPU
		{A5EE7D36-30E7-49AB-90EC-97836840C144}.Release|Mixed Platforms.ActiveCfg = Release|Any CPU
		{A5EE7D36-30E7-49AB-90EC-97836840C144}.Release|Mixed Platforms.Build.0 = Release|Any CPU
		{2059F040-AD97-47A5-B8E6-ECB3AF68307D}.Debug|.NET.ActiveCfg = Debug|Any CPU
		{2059F040-AD97-47A5-B8E6-ECB3AF68307D}.Debug|Any CPU.ActiveCfg = Debug|Any CPU
		{2059F040-AD97-47A5-B8E6-ECB3AF68307D}.Debug|Any CPU.Build.0 = Debug|Any CPU
		{2059F040-AD97-47A5-B8E6-ECB3AF68307D}.Debug|Mixed Platforms.ActiveCfg = Debug|Any CPU
		{2059F040-AD97-47A5-B8E6-ECB3AF68307D}.Debug|Mixed Platforms.Build.0 = Debug|Any CPU
		{2059F040-AD97-47A5-B8E6-ECB3AF68307D}.Release|.NET.ActiveCfg = Release|Any CPU
		{2059F040-AD97-47A5-B8E6-ECB3AF68307D}.Release|Any CPU.ActiveCfg = Release|Any CPU
		{2059F040-AD97-47A5-B8E6-ECB3AF68307D}.Release|Any CPU.Build.0 = Release|Any CPU
		{2059F040-AD97-47A5-B8E6-ECB3AF68307D}.Release|Mixed Platforms.ActiveCfg = Release|Any CPU
		{2059F040-AD97-47A5-B8E6-ECB3AF68307D}.Release|Mixed Platforms.Build.0 = Release|Any CPU
	EndGlobalSection
	GlobalSection(SolutionProperties) = preSolution
		HideSolutionNode = FALSE
	EndGlobalSection
	GlobalSection(NestedProjects) = preSolution
		{92DB562E-4261-466D-ACE4-66A51505B7C2} = {604CE13D-1B5A-41CA-B60D-E7DD5C1C91A2}
		{0755D3D6-B700-4AB7-AED1-8A675F39C5BE} = {604CE13D-1B5A-41CA-B60D-E7DD5C1C91A2}
		{A5EE7D36-30E7-49AB-90EC-97836840C144} = {604CE13D-1B5A-41CA-B60D-E7DD5C1C91A2}
		{2059F040-AD97-47A5-B8E6-ECB3AF68307D} = {604CE13D-1B5A-41CA-B60D-E7DD5C1C91A2}
		{83C3AEB8-5322-4DB6-9E7E-4BF8A319DCE7} = {6E1B09D2-C8FB-4AF6-B9B6-55BADED52D06}
		{ED29E567-C801-49E9-8C33-CFB66042B07B} = {6E1B09D2-C8FB-4AF6-B9B6-55BADED52D06}
		{E5575624-4B92-4E51-B98B-20F31FE5B5B4} = {6E1B09D2-C8FB-4AF6-B9B6-55BADED52D06}
		{01D673DE-5CD4-491D-B4AF-563360C1BC9E} = {6E1B09D2-C8FB-4AF6-B9B6-55BADED52D06}
		{E7F44116-95CA-4E29-9215-FB4366589780} = {6E1B09D2-C8FB-4AF6-B9B6-55BADED52D06}
		{2D79754C-5006-4D92-9119-C18448C07F0A} = {6E1B09D2-C8FB-4AF6-B9B6-55BADED52D06}
		{7761D638-D2C2-49FC-9A0C-D561A03B17AF} = {7E7AC667-9A20-4A48-A3B0-2109781977B4}
		{240A0D2C-5E44-4C05-8995-EE63E4AE9D0E} = {A7A272B2-65F6-4606-ADD8-9DADF36C9108}
	EndGlobalSection
EndGlobal
